
Microsoft Visual Studio Solution File, Format Version 12.00
# Visual Studio Version 17
VisualStudioVersion = 17.0.32112.339
MinimumVisualStudioVersion = 15.0.26124.0
Project("{2150E333-8FDC-42A3-9474-1A3956D46DE8}") = "src", "src", "{625817A0-A9C9-4E3D-93FA-E4D0159EDAB2}"
EndProject
Project("{9A19103F-16F7-4668-BE54-9A1E7A4F7556}") = "Tmds.ExecFunction", "src\Tmds.ExecFunction\Tmds.ExecFunction.csproj", "{F1668725-4E7A-44EF-9B92-B981C42F2493}"
EndProject
Project("{2150E333-8FDC-42A3-9474-1A3956D46DE8}") = "test", "test", "{E1EEAE41-5801-4027-B56E-0C1800CA783C}"
EndProject
Project("{9A19103F-16F7-4668-BE54-9A1E7A4F7556}") = "Tmds.ExecFunction.Tests", "test\Tmds.ExecFunction.Tests\Tmds.ExecFunction.Tests.csproj", "{444544CF-654F-4F8D-8976-9A899F0C29F6}"
EndProject
Project("{2150E333-8FDC-42A3-9474-1A3956D46DE8}") = "Solution Items", "Solution Items", "{64DD5BCC-04E2-4B49-8FE3-BF812ADAD55F}"
	ProjectSection(SolutionItems) = preProject
		.travis.yml = .travis.yml
		LICENSE = LICENSE
		README.md = README.md
	EndProjectSection
EndProject
Project("{9A19103F-16F7-4668-BE54-9A1E7A4F7556}") = "Tmds.ExecFunction.VsDebugger", "src\Tmds.ExecFunction.VsDebugger\Tmds.ExecFunction.VsDebugger.csproj", "{68E26146-C5F5-4709-BDF8-2C735435047E}"
EndProject
Global
	GlobalSection(SolutionConfigurationPlatforms) = preSolution
		Debug|Any CPU = Debug|Any CPU
		Debug|x64 = Debug|x64
		Debug|x86 = Debug|x86
		Release|Any CPU = Release|Any CPU
		Release|x64 = Release|x64
		Release|x86 = Release|x86
	EndGlobalSection
	GlobalSection(ProjectConfigurationPlatforms) = postSolution
		{F1668725-4E7A-44EF-9B92-B981C42F2493}.Debug|Any CPU.ActiveCfg = Debug|Any CPU
		{F1668725-4E7A-44EF-9B92-B981C42F2493}.Debug|Any CPU.Build.0 = Debug|Any CPU
		{F1668725-4E7A-44EF-9B92-B981C42F2493}.Debug|x64.ActiveCfg = Debug|Any CPU
		{F1668725-4E7A-44EF-9B92-B981C42F2493}.Debug|x64.Build.0 = Debug|Any CPU
		{F1668725-4E7A-44EF-9B92-B981C42F2493}.Debug|x86.ActiveCfg = Debug|Any CPU
		{F1668725-4E7A-44EF-9B92-B981C42F2493}.Debug|x86.Build.0 = Debug|Any CPU
		{F1668725-4E7A-44EF-9B92-B981C42F2493}.Release|Any CPU.ActiveCfg = Release|Any CPU
		{F1668725-4E7A-44EF-9B92-B981C42F2493}.Release|Any CPU.Build.0 = Release|Any CPU
		{F1668725-4E7A-44EF-9B92-B981C42F2493}.Release|x64.ActiveCfg = Release|Any CPU
		{F1668725-4E7A-44EF-9B92-B981C42F2493}.Release|x64.Build.0 = Release|Any CPU
		{F1668725-4E7A-44EF-9B92-B981C42F2493}.Release|x86.ActiveCfg = Release|Any CPU
		{F1668725-4E7A-44EF-9B92-B981C42F2493}.Release|x86.Build.0 = Release|Any CPU
		{444544CF-654F-4F8D-8976-9A899F0C29F6}.Debug|Any CPU.ActiveCfg = Debug|Any CPU
		{444544CF-654F-4F8D-8976-9A899F0C29F6}.Debug|Any CPU.Build.0 = Debug|Any CPU
		{444544CF-654F-4F8D-8976-9A899F0C29F6}.Debug|x64.ActiveCfg = Debug|Any CPU
		{444544CF-654F-4F8D-8976-9A899F0C29F6}.Debug|x64.Build.0 = Debug|Any CPU
		{444544CF-654F-4F8D-8976-9A899F0C29F6}.Debug|x86.ActiveCfg = Debug|Any CPU
		{444544CF-654F-4F8D-8976-9A899F0C29F6}.Debug|x86.Build.0 = Debug|Any CPU
		{444544CF-654F-4F8D-8976-9A899F0C29F6}.Release|Any CPU.ActiveCfg = Release|Any CPU
		{444544CF-654F-4F8D-8976-9A899F0C29F6}.Release|Any CPU.Build.0 = Release|Any CPU
		{444544CF-654F-4F8D-8976-9A899F0C29F6}.Release|x64.ActiveCfg = Release|Any CPU
		{444544CF-654F-4F8D-8976-9A899F0C29F6}.Release|x64.Build.0 = Release|Any CPU
		{444544CF-654F-4F8D-8976-9A899F0C29F6}.Release|x86.ActiveCfg = Release|Any CPU
		{444544CF-654F-4F8D-8976-9A899F0C29F6}.Release|x86.Build.0 = Release|Any CPU
		{68E26146-C5F5-4709-BDF8-2C735435047E}.Debug|Any CPU.ActiveCfg = Debug|Any CPU
		{68E26146-C5F5-4709-BDF8-2C735435047E}.Debug|Any CPU.Build.0 = Debug|Any CPU
		{68E26146-C5F5-4709-BDF8-2C735435047E}.Debug|x64.ActiveCfg = Debug|Any CPU
		{68E26146-C5F5-4709-BDF8-2C735435047E}.Debug|x64.Build.0 = Debug|Any CPU
		{68E26146-C5F5-4709-BDF8-2C735435047E}.Debug|x86.ActiveCfg = Debug|Any CPU
		{68E26146-C5F5-4709-BDF8-2C735435047E}.Debug|x86.Build.0 = Debug|Any CPU
		{68E26146-C5F5-4709-BDF8-2C735435047E}.Release|Any CPU.ActiveCfg = Release|Any CPU
		{68E26146-C5F5-4709-BDF8-2C735435047E}.Release|Any CPU.Build.0 = Release|Any CPU
		{68E26146-C5F5-4709-BDF8-2C735435047E}.Release|x64.ActiveCfg = Release|Any CPU
		{68E26146-C5F5-4709-BDF8-2C735435047E}.Release|x64.Build.0 = Release|Any CPU
		{68E26146-C5F5-4709-BDF8-2C735435047E}.Release|x86.ActiveCfg = Release|Any CPU
		{68E26146-C5F5-4709-BDF8-2C735435047E}.Release|x86.Build.0 = Release|Any CPU
	EndGlobalSection
	GlobalSection(SolutionProperties) = preSolution
		HideSolutionNode = FALSE
	EndGlobalSection
	GlobalSection(NestedProjects) = preSolution
		{F1668725-4E7A-44EF-9B92-B981C42F2493} = {625817A0-A9C9-4E3D-93FA-E4D0159EDAB2}
		{444544CF-654F-4F8D-8976-9A899F0C29F6} = {E1EEAE41-5801-4027-B56E-0C1800CA783C}
		{68E26146-C5F5-4709-BDF8-2C735435047E} = {625817A0-A9C9-4E3D-93FA-E4D0159EDAB2}
	EndGlobalSection
	GlobalSection(ExtensibilityGlobals) = postSolution
		SolutionGuid = {3FB15C44-88AC-4808-B3E6-52DAF5FDCD28}
	EndGlobalSection
EndGlobal
